<?xml version="1.0" encoding="utf-8"?>
<Project ToolsVersion="4.0" xmlns="http://schemas.microsoft.com/developer/msbuild/2003">
  <ItemGroup>
    <ClCompile Include="05-ShaderTable.cpp" />
  </ItemGroup>
  <ItemGroup>
    <ClInclude Include="05-ShaderTable.h" />
  </ItemGroup>
  <ItemGroup>
    <Filter Include="Data">
      <UniqueIdentifier>{c8ad8d74-4473-4620-b1c9-dada98db078a}</UniqueIdentifier>
    </Filter>
  </ItemGroup>
  <ItemGroup>
    <FxCompile Include="Data\05-Shaders.hlsl">
      <Filter>Data</Filter>
    </FxCompile>
  </ItemGroup>
</Project>