<?xml version="1.0" encoding="utf-8"?>
<Project ToolsVersion="4.0" xmlns="http://schemas.microsoft.com/developer/msbuild/2003">
  <ItemGroup>
    <Filter Include="Data">
      <UniqueIdentifier>{5feff271-1653-48df-a5a7-dc26fac70e96}</UniqueIdentifier>
    </Filter>
  </ItemGroup>
  <ItemGroup>
    <ClCompile Include="10-PerInstanceConstantBuffer.cpp" />
  </ItemGroup>
  <ItemGroup>
    <ClInclude Include="10-PerInstanceConstantBuffer.h" />
  </ItemGroup>
  <ItemGroup>
    <FxCompile Include="Data\10-Shaders.hlsl">
      <Filter>Data</Filter>
    </FxCompile>
  </ItemGroup>
</Project>